// !$*UTF8*$!
{
	archiveVersion = 1;
	classes = {
	};
	objectVersion = 50;
	objects = {

/* Begin PBXBuildFile section */
		763A09C52532120800F28EC8 /* CameraUIView.swift in Sources */ = {isa = PBXBuildFile; fileRef = 763A09C42532120800F28EC8 /* CameraUIView.swift */; };
		763A09C725324DFF00F28EC8 /* AutoCalculator.swift in Sources */ = {isa = PBXBuildFile; fileRef = 763A09C625324DFF00F28EC8 /* AutoCalculator.swift */; };
		76FCC53625302CC80068BA69 /* AppDelegate.swift in Sources */ = {isa = PBXBuildFile; fileRef = 76FCC53525302CC80068BA69 /* AppDelegate.swift */; };
		76FCC53825302CC80068BA69 /* SceneDelegate.swift in Sources */ = {isa = PBXBuildFile; fileRef = 76FCC53725302CC80068BA69 /* SceneDelegate.swift */; };
		76FCC53B25302CC80068BA69 /* VTB_Auto.xcdatamodeld in Sources */ = {isa = PBXBuildFile; fileRef = 76FCC53925302CC80068BA69 /* VTB_Auto.xcdatamodeld */; };
		76FCC53D25302CC80068BA69 /* ContentView.swift in Sources */ = {isa = PBXBuildFile; fileRef = 76FCC53C25302CC80068BA69 /* ContentView.swift */; };
		76FCC53F25302CE20068BA69 /* Assets.xcassets in Resources */ = {isa = PBXBuildFile; fileRef = 76FCC53E25302CE20068BA69 /* Assets.xcassets */; };
		76FCC54225302CE20068BA69 /* Preview Assets.xcassets in Resources */ = {isa = PBXBuildFile; fileRef = 76FCC54125302CE20068BA69 /* Preview Assets.xcassets */; };
		76FCC54525302CE20068BA69 /* LaunchScreen.storyboard in Resources */ = {isa = PBXBuildFile; fileRef = 76FCC54325302CE20068BA69 /* LaunchScreen.storyboard */; };
/* End PBXBuildFile section */

/* Begin PBXFileReference section */
		763A09C42532120800F28EC8 /* CameraUIView.swift */ = {isa = PBXFileReference; lastKnownFileType = sourcecode.swift; path = CameraUIView.swift; sourceTree = "<group>"; };
		763A09C625324DFF00F28EC8 /* AutoCalculator.swift */ = {isa = PBXFileReference; lastKnownFileType = sourcecode.swift; path = AutoCalculator.swift; sourceTree = "<group>"; };
		76FCC53225302CC80068BA69 /* VTB_Auto.app */ = {isa = PBXFileReference; explicitFileType = wrapper.application; includeInIndex = 0; path = VTB_Auto.app; sourceTree = BUILT_PRODUCTS_DIR; };
		76FCC53525302CC80068BA69 /* AppDelegate.swift */ = {isa = PBXFileReference; lastKnownFileType = sourcecode.swift; path = AppDelegate.swift; sourceTree = "<group>"; };
		76FCC53725302CC80068BA69 /* SceneDelegate.swift */ = {isa = PBXFileReference; lastKnownFileType = sourcecode.swift; path = SceneDelegate.swift; sourceTree = "<group>"; };
		76FCC53A25302CC80068BA69 /* VTB_Auto.xcdatamodel */ = {isa = PBXFileReference; lastKnownFileType = wrapper.xcdatamodel; path = VTB_Auto.xcdatamodel; sourceTree = "<group>"; };
		76FCC53C25302CC80068BA69 /* ContentView.swift */ = {isa = PBXFileReference; lastKnownFileType = sourcecode.swift; path = ContentView.swift; sourceTree = "<group>"; };
		76FCC53E25302CE20068BA69 /* Assets.xcassets */ = {isa = PBXFileReference; lastKnownFileType = folder.assetcatalog; path = Assets.xcassets; sourceTree = "<group>"; };
		76FCC54125302CE20068BA69 /* Preview Assets.xcassets */ = {isa = PBXFileReference; lastKnownFileType = folder.assetcatalog; path = "Preview Assets.xcassets"; sourceTree = "<group>"; };
		76FCC54425302CE20068BA69 /* Base */ = {isa = PBXFileReference; lastKnownFileType = file.storyboard; name = Base; path = Base.lproj/LaunchScreen.storyboard; sourceTree = "<group>"; };
		76FCC54625302CE20068BA69 /* Info.plist */ = {isa = PBXFileReference; lastKnownFileType = text.plist.xml; path = Info.plist; sourceTree = "<group>"; };
/* End PBXFileReference section */

/* Begin PBXFrameworksBuildPhase section */
		76FCC52F25302CC70068BA69 /* Frameworks */ = {
			isa = PBXFrameworksBuildPhase;
			buildActionMask = 2147483647;
			files = (
			);
			runOnlyForDeploymentPostprocessing = 0;
		};
/* End PBXFrameworksBuildPhase section */

/* Begin PBXGroup section */
		76FCC52925302CC70068BA69 = {
			isa = PBXGroup;
			children = (
				76FCC53425302CC80068BA69 /* VTB_Auto */,
				76FCC53325302CC80068BA69 /* Products */,
			);
			sourceTree = "<group>";
		};
		76FCC53325302CC80068BA69 /* Products */ = {
			isa = PBXGroup;
			children = (
				76FCC53225302CC80068BA69 /* VTB_Auto.app */,
			);
			name = Products;
			sourceTree = "<group>";
		};
		76FCC53425302CC80068BA69 /* VTB_Auto */ = {
			isa = PBXGroup;
			children = (
				76FCC53525302CC80068BA69 /* AppDelegate.swift */,
				76FCC53725302CC80068BA69 /* SceneDelegate.swift */,
				76FCC53C25302CC80068BA69 /* ContentView.swift */,
				76FCC53E25302CE20068BA69 /* Assets.xcassets */,
				76FCC54325302CE20068BA69 /* LaunchScreen.storyboard */,
				76FCC54625302CE20068BA69 /* Info.plist */,
				76FCC53925302CC80068BA69 /* VTB_Auto.xcdatamodeld */,
				76FCC54025302CE20068BA69 /* Preview Content */,
				763A09C42532120800F28EC8 /* CameraUIView.swift */,
				763A09C625324DFF00F28EC8 /* AutoCalculator.swift */,
			);
			path = VTB_Auto;
			sourceTree = "<group>";
		};
		76FCC54025302CE20068BA69 /* Preview Content */ = {
			isa = PBXGroup;
			children = (
				76FCC54125302CE20068BA69 /* Preview Assets.xcassets */,
			);
			path = "Preview Content";
			sourceTree = "<group>";
		};
/* End PBXGroup section */

/* Begin PBXNativeTarget section */
		76FCC53125302CC70068BA69 /* VTB_Auto */ = {
			isa = PBXNativeTarget;
			buildConfigurationList = 76FCC54925302CE20068BA69 /* Build configuration list for PBXNativeTarget "VTB_Auto" */;
			buildPhases = (
				76FCC52E25302CC70068BA69 /* Sources */,
				76FCC52F25302CC70068BA69 /* Frameworks */,
				76FCC53025302CC70068BA69 /* Resources */,
			);
			buildRules = (
			);
			dependencies = (
			);
			name = VTB_Auto;
			productName = VTB_Auto;
			productReference = 76FCC53225302CC80068BA69 /* VTB_Auto.app */;
			productType = "com.apple.product-type.application";
		};
/* End PBXNativeTarget section */

/* Begin PBXProject section */
		76FCC52A25302CC70068BA69 /* Project object */ = {
			isa = PBXProject;
			attributes = {
				LastSwiftUpdateCheck = 1140;
				LastUpgradeCheck = 1140;
				ORGANIZATIONNAME = M0nteCarl0;
				TargetAttributes = {
					76FCC53125302CC70068BA69 = {
						CreatedOnToolsVersion = 11.4.1;
					};
				};
			};
			buildConfigurationList = 76FCC52D25302CC70068BA69 /* Build configuration list for PBXProject "VTB_Auto" */;
			compatibilityVersion = "Xcode 9.3";
			developmentRegion = en;
			hasScannedForEncodings = 0;
			knownRegions = (
				en,
				Base,
			);
			mainGroup = 76FCC52925302CC70068BA69;
			productRefGroup = 76FCC53325302CC80068BA69 /* Products */;
			projectDirPath = "";
			projectRoot = "";
			targets = (
				76FCC53125302CC70068BA69 /* VTB_Auto */,
			);
		};
/* End PBXProject section */

/* Begin PBXResourcesBuildPhase section */
		76FCC53025302CC70068BA69 /* Resources */ = {
			isa = PBXResourcesBuildPhase;
			buildActionMask = 2147483647;
			files = (
				76FCC54525302CE20068BA69 /* LaunchScreen.storyboard in Resources */,
				76FCC54225302CE20068BA69 /* Preview Assets.xcassets in Resources */,
				76FCC53F25302CE20068BA69 /* Assets.xcassets in Resources */,
			);
			runOnlyForDeploymentPostprocessing = 0;
		};
/* End PBXResourcesBuildPhase section */

/* Begin PBXSourcesBuildPhase section */
		76FCC52E25302CC70068BA69 /* Sources */ = {
			isa = PBXSourcesBuildPhase;
			buildActionMask = 2147483647;
			files = (
				763A09C725324DFF00F28EC8 /* AutoCalculator.swift in Sources */,
				76FCC53B25302CC80068BA69 /* VTB_Auto.xcdatamodeld in Sources */,
				76FCC53625302CC80068BA69 /* AppDelegate.swift in Sources */,
				76FCC53D25302CC80068BA69 /* ContentView.swift in Sources */,
				76FCC53825302CC80068BA69 /* SceneDelegate.swift in Sources */,
				763A09C52532120800F28EC8 /* CameraUIView.swift in Sources */,
			);
			runOnlyForDeploymentPostprocessing = 0;
		};
/* End PBXSourcesBuildPhase section */

/* Begin PBXVariantGroup section */
		76FCC54325302CE20068BA69 /* LaunchScreen.storyboard */ = {
			isa = PBXVariantGroup;
			children = (
				76FCC54425302CE20068BA69 /* Base */,
			);
			name = LaunchScreen.storyboard;
			sourceTree = "<group>";
		};
/* End PBXVariantGroup section */

/* Begin XCBuildConfiguration section */
		76FCC54725302CE20068BA69 /* Debug */ = {
			isa = XCBuildConfiguration;
			buildSettings = {
				ALWAYS_SEARCH_USER_PATHS = NO;
				CLANG_ANALYZER_NONNULL = YES;
				CLANG_ANALYZER_NUMBER_OBJECT_CONVERSION = YES_AGGRESSIVE;
				CLANG_CXX_LANGUAGE_STANDARD = "gnu++14";
				CLANG_CXX_LIBRARY = "libc++";
				CLANG_ENABLE_MODULES = YES;
				CLANG_ENABLE_OBJC_ARC = YES;
				CLANG_ENABLE_OBJC_WEAK = YES;
				CLANG_WARN_BLOCK_CAPTURE_AUTORELEASING = YES;
				CLANG_WARN_BOOL_CONVERSION = YES;
				CLANG_WARN_COMMA = YES;
				CLANG_WARN_CONSTANT_CONVERSION = YES;
				CLANG_WARN_DEPRECATED_OBJC_IMPLEMENTATIONS = YES;
				CLANG_WARN_DIRECT_OBJC_ISA_USAGE = YES_ERROR;
				CLANG_WARN_DOCUMENTATION_COMMENTS = YES;
				CLANG_WARN_EMPTY_BODY = YES;
				CLANG_WARN_ENUM_CONVERSION = YES;
				CLANG_WARN_INFINITE_RECURSION = YES;
				CLANG_WARN_INT_CONVERSION = YES;
				CLANG_WARN_NON_LITERAL_NULL_CONVERSION = YES;
				CLANG_WARN_OBJC_IMPLICIT_RETAIN_SELF = YES;
				CLANG_WARN_OBJC_LITERAL_CONVERSION = YES;
				CLANG_WARN_OBJC_ROOT_CLASS = YES_ERROR;
				CLANG_WARN_RANGE_LOOP_ANALYSIS = YES;
				CLANG_WARN_STRICT_PROTOTYPES = YES;
				CLANG_WARN_SUSPICIOUS_MOVE = YES;
				CLANG_WARN_UNGUARDED_AVAILABILITY = YES_AGGRESSIVE;
				CLANG_WARN_UNREACHABLE_CODE = YES;
				CLANG_WARN__DUPLICATE_METHOD_MATCH = YES;
				COPY_PHASE_STRIP = NO;
				DEBUG_INFORMATION_FORMAT = dwarf;
				ENABLE_STRICT_OBJC_MSGSEND = YES;
				ENABLE_TESTABILITY = YES;
				GCC_C_LANGUAGE_STANDARD = gnu11;
				GCC_DYNAMIC_NO_PIC = NO;
				GCC_NO_COMMON_BLOCKS = YES;
				GCC_OPTIMIZATION_LEVEL = 0;
				GCC_PREPROCESSOR_DEFINITIONS = (
					"DEBUG=1",
					"$(inherited)",
				);
				GCC_WARN_64_TO_32_BIT_CONVERSION = YES;
				GCC_WARN_ABOUT_RETURN_TYPE = YES_ERROR;
				GCC_WARN_UNDECLARED_SELECTOR = YES;
				GCC_WARN_UNINITIALIZED_AUTOS = YES_AGGRESSIVE;
				GCC_WARN_UNUSED_FUNCTION = YES;
				GCC_WARN_UNUSED_VARIABLE = YES;
				IPHONEOS_DEPLOYMENT_TARGET = 13.4;
				MTL_ENABLE_DEBUG_INFO = INCLUDE_SOURCE;
				MTL_FAST_MATH = YES;
				ONLY_ACTIVE_ARCH = YES;
				SDKROOT = iphoneos;
				SWIFT_ACTIVE_COMPILATION_CONDITIONS = DEBUG;
				SWIFT_OPTIMIZATION_LEVEL = "-Onone";
			};
			name = Debug;
		};
		76FCC54825302CE20068BA69 /* Release */ = {
			isa = XCBuildConfiguration;
			buildSettings = {
				ALWAYS_SEARCH_USER_PATHS = NO;
				CLANG_ANALYZER_NONNULL = YES;
				CLANG_ANALYZER_NUMBER_OBJECT_CONVERSION = YES_AGGRESSIVE;
				CLANG_CXX_LANGUAGE_STANDARD = "gnu++14";
				CLANG_CXX_LIBRARY = "libc++";
				CLANG_ENABLE_MODULES = YES;
				CLANG_ENABLE_OBJC_ARC = YES;
				CLANG_ENABLE_OBJC_WEAK = YES;
				CLANG_WARN_BLOCK_CAPTURE_AUTORELEASING = YES;
				CLANG_WARN_BOOL_CONVERSION = YES;
				CLANG_WARN_COMMA = YES;
				CLANG_WARN_CONSTANT_CONVERSION = YES;
				CLANG_WARN_DEPRECATED_OBJC_IMPLEMENTATIONS = YES;
				CLANG_WARN_DIRECT_OBJC_ISA_USAGE = YES_ERROR;
				CLANG_WARN_DOCUMENTATION_COMMENTS = YES;
				CLANG_WARN_EMPTY_BODY = YES;
				CLANG_WARN_ENUM_CONVERSION = YES;
				CLANG_WARN_INFINITE_RECURSION = YES;
				CLANG_WARN_INT_CONVERSION = YES;
				CLANG_WARN_NON_LITERAL_NULL_CONVERSION = YES;
				CLANG_WARN_OBJC_IMPLICIT_RETAIN_SELF = YES;
				CLANG_WARN_OBJC_LITERAL_CONVERSION = YES;
				CLANG_WARN_OBJC_ROOT_CLASS = YES_ERROR;
				CLANG_WARN_RANGE_LOOP_ANALYSIS = YES;
				CLANG_WARN_STRICT_PROTOTYPES = YES;
				CLANG_WARN_SUSPICIOUS_MOVE = YES;
				CLANG_WARN_UNGUARDED_AVAILABILITY = YES_AGGRESSIVE;
				CLANG_WARN_UNREACHABLE_CODE = YES;
				CLANG_WARN__DUPLICATE_METHOD_MATCH = YES;
				COPY_PHASE_STRIP = NO;
				DEBUG_INFORMATION_FORMAT = "dwarf-with-dsym";
				ENABLE_NS_ASSERTIONS = NO;
				ENABLE_STRICT_OBJC_MSGSEND = YES;
				GCC_C_LANGUAGE_STANDARD = gnu11;
				GCC_NO_COMMON_BLOCKS = YES;
				GCC_WARN_64_TO_32_BIT_CONVERSION = YES;
				GCC_WARN_ABOUT_RETURN_TYPE = YES_ERROR;
				GCC_WARN_UNDECLARED_SELECTOR = YES;
				GCC_WARN_UNINITIALIZED_AUTOS = YES_AGGRESSIVE;
				GCC_WARN_UNUSED_FUNCTION = YES;
				GCC_WARN_UNUSED_VARIABLE = YES;
				IPHONEOS_DEPLOYMENT_TARGET = 13.4;
				MTL_ENABLE_DEBUG_INFO = NO;
				MTL_FAST_MATH = YES;
				SDKROOT = iphoneos;
				SWIFT_COMPILATION_MODE = wholemodule;
				SWIFT_OPTIMIZATION_LEVEL = "-O";
				VALIDATE_PRODUCT = YES;
			};
			name = Release;
		};
		76FCC54A25302CE20068BA69 /* Debug */ = {
			isa = XCBuildConfiguration;
			buildSettings = {
				ASSETCATALOG_COMPILER_APPICON_NAME = AppIcon;
				CODE_SIGN_STYLE = Automatic;
				DEVELOPMENT_ASSET_PATHS = "\"VTB_Auto/Preview Content\"";
				DEVELOPMENT_TEAM = UK4KBM28US;
				ENABLE_PREVIEWS = YES;
				INFOPLIST_FILE = VTB_Auto/Info.plist;
				LD_RUNPATH_SEARCH_PATHS = (
					"$(inherited)",
					"@executable_path/Frameworks",
				);
				PRODUCT_BUNDLE_IDENTIFIER = "M.A.VTB-Auto";
				PRODUCT_NAME = "$(TARGET_NAME)";
				SWIFT_VERSION = 5.0;
				TARGETED_DEVICE_FAMILY = "1,2";
			};
			name = Debug;
		};
		76FCC54B25302CE20068BA69 /* Release */ = {
			isa = XCBuildConfiguration;
			buildSettings = {
				ASSETCATALOG_COMPILER_APPICON_NAME = AppIcon;
				CODE_SIGN_STYLE = Automatic;
				DEVELOPMENT_ASSET_PATHS = "\"VTB_Auto/Preview Content\"";
				DEVELOPMENT_TEAM = UK4KBM28US;
				ENABLE_PREVIEWS = YES;
				INFOPLIST_FILE = VTB_Auto/Info.plist;
				LD_RUNPATH_SEARCH_PATHS = (
					"$(inherited)",
					"@executable_path/Frameworks",
				);
				PRODUCT_BUNDLE_IDENTIFIER = "M.A.VTB-Auto";
				PRODUCT_NAME = "$(TARGET_NAME)";
				SWIFT_VERSION = 5.0;
				TARGETED_DEVICE_FAMILY = "1,2";
			};
			name = Release;
		};
/* End XCBuildConfiguration section */

/* Begin XCConfigurationList section */
		76FCC52D25302CC70068BA69 /* Build configuration list for PBXProject "VTB_Auto" */ = {
			isa = XCConfigurationList;
			buildConfigurations = (
				76FCC54725302CE20068BA69 /* Debug */,
				76FCC54825302CE20068BA69 /* Release */,
			);
			defaultConfigurationIsVisible = 0;
			defaultConfigurationName = Release;
		};
		76FCC54925302CE20068BA69 /* Build configuration list for PBXNativeTarget "VTB_Auto" */ = {
			isa = XCConfigurationList;
			buildConfigurations = (
				76FCC54A25302CE20068BA69 /* Debug */,
				76FCC54B25302CE20068BA69 /* Release */,
			);
			defaultConfigurationIsVisible = 0;
			defaultConfigurationName = Release;
		};
/* End XCConfigurationList section */

/* Begin XCVersionGroup section */
		76FCC53925302CC80068BA69 /* VTB_Auto.xcdatamodeld */ = {
			isa = XCVersionGroup;
			children = (
				76FCC53A25302CC80068BA69 /* VTB_Auto.xcdatamodel */,
			);
			currentVersion = 76FCC53A25302CC80068BA69 /* VTB_Auto.xcdatamodel */;
			path = VTB_Auto.xcdatamodeld;
			sourceTree = "<group>";
			versionGroupType = wrapper.xcdatamodel;
		};
/* End XCVersionGroup section */
	};
	rootObject = 76FCC52A25302CC70068BA69 /* Project object */;
}
